// !$*UTF8*$!
{
	archiveVersion = 1;
	classes = {
	};
	objectVersion = 50;
	objects = {

/* Begin PBXBuildFile section */
		16C2A16426C40B3B006C0A99 /* testApp.swift in Sources */ = {isa = PBXBuildFile; fileRef = 16C2A16326C40B3B006C0A99 /* testApp.swift */; };
		16C2A16626C40B3B006C0A99 /* ContentView.swift in Sources */ = {isa = PBXBuildFile; fileRef = 16C2A16526C40B3B006C0A99 /* ContentView.swift */; };
		16C2A16826C40B3D006C0A99 /* Assets.xcassets in Resources */ = {isa = PBXBuildFile; fileRef = 16C2A16726C40B3D006C0A99 /* Assets.xcassets */; };
		16C2A16B26C40B3D006C0A99 /* Preview Assets.xcassets in Resources */ = {isa = PBXBuildFile; fileRef = 16C2A16A26C40B3D006C0A99 /* Preview Assets.xcassets */; };
		16C2A17626C40B3D006C0A99 /* testTests.swift in Sources */ = {isa = PBXBuildFile; fileRef = 16C2A17526C40B3D006C0A99 /* testTests.swift */; };
		16C2A18126C40B3D006C0A99 /* testUITests.swift in Sources */ = {isa = PBXBuildFile; fileRef = 16C2A18026C40B3D006C0A99 /* testUITests.swift */; };
/* End PBXBuildFile section */

/* Begin PBXContainerItemProxy section */
		16C2A17226C40B3D006C0A99 /* PBXContainerItemProxy */ = {
			isa = PBXContainerItemProxy;
			containerPortal = 16C2A15826C40B3A006C0A99 /* Project object */;
			proxyType = 1;
			remoteGlobalIDString = 16C2A15F26C40B3A006C0A99;
			remoteInfo = test;
		};
		16C2A17D26C40B3D006C0A99 /* PBXContainerItemProxy */ = {
			isa = PBXContainerItemProxy;
			containerPortal = 16C2A15826C40B3A006C0A99 /* Project object */;
			proxyType = 1;
			remoteGlobalIDString = 16C2A15F26C40B3A006C0A99;
			remoteInfo = test;
		};
/* End PBXContainerItemProxy section */

/* Begin PBXFileReference section */
		16C2A16026C40B3B006C0A99 /* test.app */ = {isa = PBXFileReference; explicitFileType = wrapper.application; includeInIndex = 0; path = test.app; sourceTree = BUILT_PRODUCTS_DIR; };
		16C2A16326C40B3B006C0A99 /* testApp.swift */ = {isa = PBXFileReference; lastKnownFileType = sourcecode.swift; path = testApp.swift; sourceTree = "<group>"; };
		16C2A16526C40B3B006C0A99 /* ContentView.swift */ = {isa = PBXFileReference; lastKnownFileType = sourcecode.swift; path = ContentView.swift; sourceTree = "<group>"; };
		16C2A16726C40B3D006C0A99 /* Assets.xcassets */ = {isa = PBXFileReference; lastKnownFileType = folder.assetcatalog; path = Assets.xcassets; sourceTree = "<group>"; };
		16C2A16A26C40B3D006C0A99 /* Preview Assets.xcassets */ = {isa = PBXFileReference; lastKnownFileType = folder.assetcatalog; path = "Preview Assets.xcassets"; sourceTree = "<group>"; };
		16C2A16C26C40B3D006C0A99 /* Info.plist */ = {isa = PBXFileReference; lastKnownFileType = text.plist.xml; path = Info.plist; sourceTree = "<group>"; };
		16C2A17126C40B3D006C0A99 /* testTests.xctest */ = {isa = PBXFileReference; explicitFileType = wrapper.cfbundle; includeInIndex = 0; path = testTests.xctest; sourceTree = BUILT_PRODUCTS_DIR; };
		16C2A17526C40B3D006C0A99 /* testTests.swift */ = {isa = PBXFileReference; lastKnownFileType = sourcecode.swift; path = testTests.swift; sourceTree = "<group>"; };
		16C2A17726C40B3D006C0A99 /* Info.plist */ = {isa = PBXFileReference; lastKnownFileType = text.plist.xml; path = Info.plist; sourceTree = "<group>"; };
		16C2A17C26C40B3D006C0A99 /* testUITests.xctest */ = {isa = PBXFileReference; explicitFileType = wrapper.cfbundle; includeInIndex = 0; path = testUITests.xctest; sourceTree = BUILT_PRODUCTS_DIR; };
		16C2A18026C40B3D006C0A99 /* testUITests.swift */ = {isa = PBXFileReference; lastKnownFileType = sourcecode.swift; path = testUITests.swift; sourceTree = "<group>"; };
		16C2A18226C40B3D006C0A99 /* Info.plist */ = {isa = PBXFileReference; lastKnownFileType = text.plist.xml; path = Info.plist; sourceTree = "<group>"; };
/* End PBXFileReference section */

/* Begin PBXFrameworksBuildPhase section */
		16C2A15D26C40B3A006C0A99 /* Frameworks */ = {
			isa = PBXFrameworksBuildPhase;
			buildActionMask = 2147483647;
			files = (
			);
			runOnlyForDeploymentPostprocessing = 0;
		};
		16C2A16E26C40B3D006C0A99 /* Frameworks */ = {
			isa = PBXFrameworksBuildPhase;
			buildActionMask = 2147483647;
			files = (
			);
			runOnlyForDeploymentPostprocessing = 0;
		};
		16C2A17926C40B3D006C0A99 /* Frameworks */ = {
			isa = PBXFrameworksBuildPhase;
			buildActionMask = 2147483647;
			files = (
			);
			runOnlyForDeploymentPostprocessing = 0;
		};
/* End PBXFrameworksBuildPhase section */

/* Begin PBXGroup section */
		16C2A15726C40B3A006C0A99 = {
			isa = PBXGroup;
			children = (
				16C2A16226C40B3B006C0A99 /* test */,
				16C2A17426C40B3D006C0A99 /* testTests */,
				16C2A17F26C40B3D006C0A99 /* testUITests */,
				16C2A16126C40B3B006C0A99 /* Products */,
			);
			sourceTree = "<group>";
		};
		16C2A16126C40B3B006C0A99 /* Products */ = {
			isa = PBXGroup;
			children = (
				16C2A16026C40B3B006C0A99 /* test.app */,
				16C2A17126C40B3D006C0A99 /* testTests.xctest */,
				16C2A17C26C40B3D006C0A99 /* testUITests.xctest */,
			);
			name = Products;
			sourceTree = "<group>";
		};
		16C2A16226C40B3B006C0A99 /* test */ = {
			isa = PBXGroup;
			children = (
				16C2A16326C40B3B006C0A99 /* testApp.swift */,
				16C2A16526C40B3B006C0A99 /* ContentView.swift */,
				16C2A16726C40B3D006C0A99 /* Assets.xcassets */,
				16C2A16C26C40B3D006C0A99 /* Info.plist */,
				16C2A16926C40B3D006C0A99 /* Preview Content */,
			);
			path = test;
			sourceTree = "<group>";
		};
		16C2A16926C40B3D006C0A99 /* Preview Content */ = {
			isa = PBXGroup;
			children = (
				16C2A16A26C40B3D006C0A99 /* Preview Assets.xcassets */,
			);
			path = "Preview Content";
			sourceTree = "<group>";
		};
		16C2A17426C40B3D006C0A99 /* testTests */ = {
			isa = PBXGroup;
			children = (
				16C2A17526C40B3D006C0A99 /* testTests.swift */,
				16C2A17726C40B3D006C0A99 /* Info.plist */,
			);
			path = testTests;
			sourceTree = "<group>";
		};
		16C2A17F26C40B3D006C0A99 /* testUITests */ = {
			isa = PBXGroup;
			children = (
				16C2A18026C40B3D006C0A99 /* testUITests.swift */,
				16C2A18226C40B3D006C0A99 /* Info.plist */,
			);
			path = testUITests;
			sourceTree = "<group>";
		};
/* End PBXGroup section */

/* Begin PBXNativeTarget section */
		16C2A15F26C40B3A006C0A99 /* test */ = {
			isa = PBXNativeTarget;
			buildConfigurationList = 16C2A18526C40B3D006C0A99 /* Build configuration list for PBXNativeTarget "test" */;
			buildPhases = (
				16C2A15C26C40B3A006C0A99 /* Sources */,
				16C2A15D26C40B3A006C0A99 /* Frameworks */,
				16C2A15E26C40B3A006C0A99 /* Resources */,
			);
			buildRules = (
			);
			dependencies = (
			);
			name = test;
			productName = test;
			productReference = 16C2A16026C40B3B006C0A99 /* test.app */;
			productType = "com.apple.product-type.application";
		};
		16C2A17026C40B3D006C0A99 /* testTests */ = {
			isa = PBXNativeTarget;
			buildConfigurationList = 16C2A18826C40B3D006C0A99 /* Build configuration list for PBXNativeTarget "testTests" */;
			buildPhases = (
				16C2A16D26C40B3D006C0A99 /* Sources */,
				16C2A16E26C40B3D006C0A99 /* Frameworks */,
				16C2A16F26C40B3D006C0A99 /* Resources */,
			);
			buildRules = (
			);
			dependencies = (
				16C2A17326C40B3D006C0A99 /* PBXTargetDependency */,
			);
			name = testTests;
			productName = testTests;
			productReference = 16C2A17126C40B3D006C0A99 /* testTests.xctest */;
			productType = "com.apple.product-type.bundle.unit-test";
		};
		16C2A17B26C40B3D006C0A99 /* testUITests */ = {
			isa = PBXNativeTarget;
			buildConfigurationList = 16C2A18B26C40B3D006C0A99 /* Build configuration list for PBXNativeTarget "testUITests" */;
			buildPhases = (
				16C2A17826C40B3D006C0A99 /* Sources */,
				16C2A17926C40B3D006C0A99 /* Frameworks */,
				16C2A17A26C40B3D006C0A99 /* Resources */,
			);
			buildRules = (
			);
			dependencies = (
				16C2A17E26C40B3D006C0A99 /* PBXTargetDependency */,
			);
			name = testUITests;
			productName = testUITests;
			productReference = 16C2A17C26C40B3D006C0A99 /* testUITests.xctest */;
			productType = "com.apple.product-type.bundle.ui-testing";
		};
/* End PBXNativeTarget section */

/* Begin PBXProject section */
		16C2A15826C40B3A006C0A99 /* Project object */ = {
			isa = PBXProject;
			attributes = {
				LastSwiftUpdateCheck = 1250;
				LastUpgradeCheck = 1250;
				TargetAttributes = {
					16C2A15F26C40B3A006C0A99 = {
						CreatedOnToolsVersion = 12.5.1;
					};
					16C2A17026C40B3D006C0A99 = {
						CreatedOnToolsVersion = 12.5.1;
						TestTargetID = 16C2A15F26C40B3A006C0A99;
					};
					16C2A17B26C40B3D006C0A99 = {
						CreatedOnToolsVersion = 12.5.1;
						TestTargetID = 16C2A15F26C40B3A006C0A99;
					};
				};
			};
			buildConfigurationList = 16C2A15B26C40B3A006C0A99 /* Build configuration list for PBXProject "test" */;
			compatibilityVersion = "Xcode 9.3";
			developmentRegion = en;
			hasScannedForEncodings = 0;
			knownRegions = (
				en,
				Base,
			);
			mainGroup = 16C2A15726C40B3A006C0A99;
			productRefGroup = 16C2A16126C40B3B006C0A99 /* Products */;
			projectDirPath = "";
			projectRoot = "";
			targets = (
				16C2A15F26C40B3A006C0A99 /* test */,
				16C2A17026C40B3D006C0A99 /* testTests */,
				16C2A17B26C40B3D006C0A99 /* testUITests */,
			);
		};
/* End PBXProject section */

/* Begin PBXResourcesBuildPhase section */
		16C2A15E26C40B3A006C0A99 /* Resources */ = {
			isa = PBXResourcesBuildPhase;
			buildActionMask = 2147483647;
			files = (
				16C2A16B26C40B3D006C0A99 /* Preview Assets.xcassets in Resources */,
				16C2A16826C40B3D006C0A99 /* Assets.xcassets in Resources */,
			);
			runOnlyForDeploymentPostprocessing = 0;
		};
		16C2A16F26C40B3D006C0A99 /* Resources */ = {
			isa = PBXResourcesBuildPhase;
			buildActionMask = 2147483647;
			files = (
			);
			runOnlyForDeploymentPostprocessing = 0;
		};
		16C2A17A26C40B3D006C0A99 /* Resources */ = {
			isa = PBXResourcesBuildPhase;
			buildActionMask = 2147483647;
			files = (
			);
			runOnlyForDeploymentPostprocessing = 0;
		};
/* End PBXResourcesBuildPhase section */

/* Begin PBXSourcesBuildPhase section */
		16C2A15C26C40B3A006C0A99 /* Sources */ = {
			isa = PBXSourcesBuildPhase;
			buildActionMask = 2147483647;
			files = (
				16C2A16626C40B3B006C0A99 /* ContentView.swift in Sources */,
				16C2A16426C40B3B006C0A99 /* testApp.swift in Sources */,
			);
			runOnlyForDeploymentPostprocessing = 0;
		};
		16C2A16D26C40B3D006C0A99 /* Sources */ = {
			isa = PBXSourcesBuildPhase;
			buildActionMask = 2147483647;
			files = (
				16C2A17626C40B3D006C0A99 /* testTests.swift in Sources */,
			);
			runOnlyForDeploymentPostprocessing = 0;
		};
		16C2A17826C40B3D006C0A99 /* Sources */ = {
			isa = PBXSourcesBuildPhase;
			buildActionMask = 2147483647;
			files = (
				16C2A18126C40B3D006C0A99 /* testUITests.swift in Sources */,
			);
			runOnlyForDeploymentPostprocessing = 0;
		};
/* End PBXSourcesBuildPhase section */

/* Begin PBXTargetDependency section */
		16C2A17326C40B3D006C0A99 /* PBXTargetDependency */ = {
			isa = PBXTargetDependency;
			target = 16C2A15F26C40B3A006C0A99 /* test */;
			targetProxy = 16C2A17226C40B3D006C0A99 /* PBXContainerItemProxy */;
		};
		16C2A17E26C40B3D006C0A99 /* PBXTargetDependency */ = {
			isa = PBXTargetDependency;
			target = 16C2A15F26C40B3A006C0A99 /* test */;
			targetProxy = 16C2A17D26C40B3D006C0A99 /* PBXContainerItemProxy */;
		};
/* End PBXTargetDependency section */

/* Begin XCBuildConfiguration section */
		16C2A18326C40B3D006C0A99 /* Debug */ = {
			isa = XCBuildConfiguration;
			buildSettings = {
				ALWAYS_SEARCH_USER_PATHS = NO;
				CLANG_ANALYZER_NONNULL = YES;
				CLANG_ANALYZER_NUMBER_OBJECT_CONVERSION = YES_AGGRESSIVE;
				CLANG_CXX_LANGUAGE_STANDARD = "gnu++14";
				CLANG_CXX_LIBRARY = "libc++";
				CLANG_ENABLE_MODULES = YES;
				CLANG_ENABLE_OBJC_ARC = YES;
				CLANG_ENABLE_OBJC_WEAK = YES;
				CLANG_WARN_BLOCK_CAPTURE_AUTORELEASING = YES;
				CLANG_WARN_BOOL_CONVERSION = YES;
				CLANG_WARN_COMMA = YES;
				CLANG_WARN_CONSTANT_CONVERSION = YES;
				CLANG_WARN_DEPRECATED_OBJC_IMPLEMENTATIONS = YES;
				CLANG_WARN_DIRECT_OBJC_ISA_USAGE = YES_ERROR;
				CLANG_WARN_DOCUMENTATION_COMMENTS = YES;
				CLANG_WARN_EMPTY_BODY = YES;
				CLANG_WARN_ENUM_CONVERSION = YES;
				CLANG_WARN_INFINITE_RECURSION = YES;
				CLANG_WARN_INT_CONVERSION = YES;
				CLANG_WARN_NON_LITERAL_NULL_CONVERSION = YES;
				CLANG_WARN_OBJC_IMPLICIT_RETAIN_SELF = YES;
				CLANG_WARN_OBJC_LITERAL_CONVERSION = YES;
				CLANG_WARN_OBJC_ROOT_CLASS = YES_ERROR;
				CLANG_WARN_QUOTED_INCLUDE_IN_FRAMEWORK_HEADER = YES;
				CLANG_WARN_RANGE_LOOP_ANALYSIS = YES;
				CLANG_WARN_STRICT_PROTOTYPES = YES;
				CLANG_WARN_SUSPICIOUS_MOVE = YES;
				CLANG_WARN_UNGUARDED_AVAILABILITY = YES_AGGRESSIVE;
				CLANG_WARN_UNREACHABLE_CODE = YES;
				CLANG_WARN__DUPLICATE_METHOD_MATCH = YES;
				COPY_PHASE_STRIP = NO;
				DEBUG_INFORMATION_FORMAT = dwarf;
				ENABLE_STRICT_OBJC_MSGSEND = YES;
				ENABLE_TESTABILITY = YES;
				GCC_C_LANGUAGE_STANDARD = gnu11;
				GCC_DYNAMIC_NO_PIC = NO;
				GCC_NO_COMMON_BLOCKS = YES;
				GCC_OPTIMIZATION_LEVEL = 0;
				GCC_PREPROCESSOR_DEFINITIONS = (
					"DEBUG=1",
					"$(inherited)",
				);
				GCC_WARN_64_TO_32_BIT_CONVERSION = YES;
				GCC_WARN_ABOUT_RETURN_TYPE = YES_ERROR;
				GCC_WARN_UNDECLARED_SELECTOR = YES;
				GCC_WARN_UNINITIALIZED_AUTOS = YES_AGGRESSIVE;
				GCC_WARN_UNUSED_FUNCTION = YES;
				GCC_WARN_UNUSED_VARIABLE = YES;
				IPHONEOS_DEPLOYMENT_TARGET = 14.5;
				MTL_ENABLE_DEBUG_INFO = INCLUDE_SOURCE;
				MTL_FAST_MATH = YES;
				ONLY_ACTIVE_ARCH = YES;
				SDKROOT = iphoneos;
				SWIFT_ACTIVE_COMPILATION_CONDITIONS = DEBUG;
				SWIFT_OPTIMIZATION_LEVEL = "-Onone";
			};
			name = Debug;
		};
		16C2A18426C40B3D006C0A99 /* Release */ = {
			isa = XCBuildConfiguration;
			buildSettings = {
				ALWAYS_SEARCH_USER_PATHS = NO;
				CLANG_ANALYZER_NONNULL = YES;
				CLANG_ANALYZER_NUMBER_OBJECT_CONVERSION = YES_AGGRESSIVE;
				CLANG_CXX_LANGUAGE_STANDARD = "gnu++14";
				CLANG_CXX_LIBRARY = "libc++";
				CLANG_ENABLE_MODULES = YES;
				CLANG_ENABLE_OBJC_ARC = YES;
				CLANG_ENABLE_OBJC_WEAK = YES;
				CLANG_WARN_BLOCK_CAPTURE_AUTORELEASING = YES;
				CLANG_WARN_BOOL_CONVERSION = YES;
				CLANG_WARN_COMMA = YES;
				CLANG_WARN_CONSTANT_CONVERSION = YES;
				CLANG_WARN_DEPRECATED_OBJC_IMPLEMENTATIONS = YES;
				CLANG_WARN_DIRECT_OBJC_ISA_USAGE = YES_ERROR;
				CLANG_WARN_DOCUMENTATION_COMMENTS = YES;
				CLANG_WARN_EMPTY_BODY = YES;
				CLANG_WARN_ENUM_CONVERSION = YES;
				CLANG_WARN_INFINITE_RECURSION = YES;
				CLANG_WARN_INT_CONVERSION = YES;
				CLANG_WARN_NON_LITERAL_NULL_CONVERSION = YES;
				CLANG_WARN_OBJC_IMPLICIT_RETAIN_SELF = YES;
				CLANG_WARN_OBJC_LITERAL_CONVERSION = YES;
				CLANG_WARN_OBJC_ROOT_CLASS = YES_ERROR;
				CLANG_WARN_QUOTED_INCLUDE_IN_FRAMEWORK_HEADER = YES;
				CLANG_WARN_RANGE_LOOP_ANALYSIS = YES;
				CLANG_WARN_STRICT_PROTOTYPES = YES;
				CLANG_WARN_SUSPICIOUS_MOVE = YES;
				CLANG_WARN_UNGUARDED_AVAILABILITY = YES_AGGRESSIVE;
				CLANG_WARN_UNREACHABLE_CODE = YES;
				CLANG_WARN__DUPLICATE_METHOD_MATCH = YES;
				COPY_PHASE_STRIP = NO;
				DEBUG_INFORMATION_FORMAT = "dwarf-with-dsym";
				ENABLE_NS_ASSERTIONS = NO;
				ENABLE_STRICT_OBJC_MSGSEND = YES;
				GCC_C_LANGUAGE_STANDARD = gnu11;
				GCC_NO_COMMON_BLOCKS = YES;
				GCC_WARN_64_TO_32_BIT_CONVERSION = YES;
				GCC_WARN_ABOUT_RETURN_TYPE = YES_ERROR;
				GCC_WARN_UNDECLARED_SELECTOR = YES;
				GCC_WARN_UNINITIALIZED_AUTOS = YES_AGGRESSIVE;
				GCC_WARN_UNUSED_FUNCTION = YES;
				GCC_WARN_UNUSED_VARIABLE = YES;
				IPHONEOS_DEPLOYMENT_TARGET = 14.5;
				MTL_ENABLE_DEBUG_INFO = NO;
				MTL_FAST_MATH = YES;
				SDKROOT = iphoneos;
				SWIFT_COMPILATION_MODE = wholemodule;
				SWIFT_OPTIMIZATION_LEVEL = "-O";
				VALIDATE_PRODUCT = YES;
			};
			name = Release;
		};
		16C2A18626C40B3D006C0A99 /* Debug */ = {
			isa = XCBuildConfiguration;
			buildSettings = {
				ASSETCATALOG_COMPILER_APPICON_NAME = AppIcon;
				ASSETCATALOG_COMPILER_GLOBAL_ACCENT_COLOR_NAME = AccentColor;
				CODE_SIGN_STYLE = Automatic;
				DEVELOPMENT_ASSET_PATHS = "\"test/Preview Content\"";
				ENABLE_PREVIEWS = YES;
				INFOPLIST_FILE = test/Info.plist;
				IPHONEOS_DEPLOYMENT_TARGET = 14.0;
				LD_RUNPATH_SEARCH_PATHS = (
					"$(inherited)",
					"@executable_path/Frameworks",
				);
				PRODUCT_BUNDLE_IDENTIFIER = private.test;
				PRODUCT_NAME = "$(TARGET_NAME)";
				SWIFT_VERSION = 5.0;
				TARGETED_DEVICE_FAMILY = "1,2";
			};
			name = Debug;
		};
		16C2A18726C40B3D006C0A99 /* Release */ = {
			isa = XCBuildConfiguration;
			buildSettings = {
				ASSETCATALOG_COMPILER_APPICON_NAME = AppIcon;
				ASSETCATALOG_COMPILER_GLOBAL_ACCENT_COLOR_NAME = AccentColor;
				CODE_SIGN_STYLE = Automatic;
				DEVELOPMENT_ASSET_PATHS = "\"test/Preview Content\"";
				ENABLE_PREVIEWS = YES;
				INFOPLIST_FILE = test/Info.plist;
				IPHONEOS_DEPLOYMENT_TARGET = 14.0;
				LD_RUNPATH_SEARCH_PATHS = (
					"$(inherited)",
					"@executable_path/Frameworks",
				);
				PRODUCT_BUNDLE_IDENTIFIER = private.test;
				PRODUCT_NAME = "$(TARGET_NAME)";
				SWIFT_VERSION = 5.0;
				TARGETED_DEVICE_FAMILY = "1,2";
			};
			name = Release;
		};
		16C2A18926C40B3D006C0A99 /* Debug */ = {
			isa = XCBuildConfiguration;
			buildSettings = {
				ALWAYS_EMBED_SWIFT_STANDARD_LIBRARIES = YES;
				BUNDLE_LOADER = "$(TEST_HOST)";
				CODE_SIGN_STYLE = Automatic;
				INFOPLIST_FILE = testTests/Info.plist;
				IPHONEOS_DEPLOYMENT_TARGET = 14.0;
				LD_RUNPATH_SEARCH_PATHS = (
					"$(inherited)",
					"@executable_path/Frameworks",
					"@loader_path/Frameworks",
				);
				PRODUCT_BUNDLE_IDENTIFIER = private.testTests;
				PRODUCT_NAME = "$(TARGET_NAME)";
				SWIFT_VERSION = 5.0;
				TARGETED_DEVICE_FAMILY = "1,2";
				TEST_HOST = "$(BUILT_PRODUCTS_DIR)/test.app/test";
			};
			name = Debug;
		};
		16C2A18A26C40B3D006C0A99 /* Release */ = {
			isa = XCBuildConfiguration;
			buildSettings = {
				ALWAYS_EMBED_SWIFT_STANDARD_LIBRARIES = YES;
				BUNDLE_LOADER = "$(TEST_HOST)";
				CODE_SIGN_STYLE = Automatic;
				INFOPLIST_FILE = testTests/Info.plist;
				IPHONEOS_DEPLOYMENT_TARGET = 14.0;
				LD_RUNPATH_SEARCH_PATHS = (
					"$(inherited)",
					"@executable_path/Frameworks",
					"@loader_path/Frameworks",
				);
				PRODUCT_BUNDLE_IDENTIFIER = private.testTests;
				PRODUCT_NAME = "$(TARGET_NAME)";
				SWIFT_VERSION = 5.0;
				TARGETED_DEVICE_FAMILY = "1,2";
				TEST_HOST = "$(BUILT_PRODUCTS_DIR)/test.app/test";
			};
			name = Release;
		};
		16C2A18C26C40B3D006C0A99 /* Debug */ = {
			isa = XCBuildConfiguration;
			buildSettings = {
				ALWAYS_EMBED_SWIFT_STANDARD_LIBRARIES = YES;
				CODE_SIGN_STYLE = Automatic;
				INFOPLIST_FILE = testUITests/Info.plist;
				LD_RUNPATH_SEARCH_PATHS = (
					"$(inherited)",
					"@executable_path/Frameworks",
					"@loader_path/Frameworks",
				);
				PRODUCT_BUNDLE_IDENTIFIER = private.testUITests;
				PRODUCT_NAME = "$(TARGET_NAME)";
				SWIFT_VERSION = 5.0;
				TARGETED_DEVICE_FAMILY = "1,2";
				TEST_TARGET_NAME = test;
			};
			name = Debug;
		};
		16C2A18D26C40B3D006C0A99 /* Release */ = {
			isa = XCBuildConfiguration;
			buildSettings = {
				ALWAYS_EMBED_SWIFT_STANDARD_LIBRARIES = YES;
				CODE_SIGN_STYLE = Automatic;
				INFOPLIST_FILE = testUITests/Info.plist;
				LD_RUNPATH_SEARCH_PATHS = (
					"$(inherited)",
					"@executable_path/Frameworks",
					"@loader_path/Frameworks",
				);
				PRODUCT_BUNDLE_IDENTIFIER = private.testUITests;
				PRODUCT_NAME = "$(TARGET_NAME)";
				SWIFT_VERSION = 5.0;
				TARGETED_DEVICE_FAMILY = "1,2";
				TEST_TARGET_NAME = test;
			};
			name = Release;
		};
/* End XCBuildConfiguration section */

/* Begin XCConfigurationList section */
		16C2A15B26C40B3A006C0A99 /* Build configuration list for PBXProject "test" */ = {
			isa = XCConfigurationList;
			buildConfigurations = (
				16C2A18326C40B3D006C0A99 /* Debug */,
				16C2A18426C40B3D006C0A99 /* Release */,
			);
			defaultConfigurationIsVisible = 0;
			defaultConfigurationName = Release;
		};
		16C2A18526C40B3D006C0A99 /* Build configuration list for PBXNativeTarget "test" */ = {
			isa = XCConfigurationList;
			buildConfigurations = (
				16C2A18626C40B3D006C0A99 /* Debug */,
				16C2A18726C40B3D006C0A99 /* Release */,
			);
			defaultConfigurationIsVisible = 0;
			defaultConfigurationName = Release;
		};
		16C2A18826C40B3D006C0A99 /* Build configuration list for PBXNativeTarget "testTests" */ = {
			isa = XCConfigurationList;
			buildConfigurations = (
				16C2A18926C40B3D006C0A99 /* Debug */,
				16C2A18A26C40B3D006C0A99 /* Release */,
			);
			defaultConfigurationIsVisible = 0;
			defaultConfigurationName = Release;
		};
		16C2A18B26C40B3D006C0A99 /* Build configuration list for PBXNativeTarget "testUITests" */ = {
			isa = XCConfigurationList;
			buildConfigurations = (
				16C2A18C26C40B3D006C0A99 /* Debug */,
				16C2A18D26C40B3D006C0A99 /* Release */,
			);
			defaultConfigurationIsVisible = 0;
			defaultConfigurationName = Release;
		};
/* End XCConfigurationList section */
	};
	rootObject = 16C2A15826C40B3A006C0A99 /* Project object */;
}
